
Microsoft Visual Studio Solution File, Format Version 12.00
# Visual Studio Version 17
VisualStudioVersion = 17.8.34309.116
MinimumVisualStudioVersion = 10.0.40219.1
Project("{FAE04EC0-301F-11D3-BF4B-00C04F79EFBC}") = "schoolUI", "schoolUI\schoolUI.csproj", "{AA372323-3F3E-4860-AC57-7C3402D9F82B}"
EndProject
Global
	GlobalSection(SolutionConfigurationPlatforms) = preSolution
		Debug|Any CPU = Debug|Any CPU
		Release|Any CPU = Release|Any CPU
	EndGlobalSection
	GlobalSection(ProjectConfigurationPlatforms) = postSolution
		{AA372323-3F3E-4860-AC57-7C3402D9F82B}.Debug|Any CPU.ActiveCfg = Debug|Any CPU
		{AA372323-3F3E-4860-AC57-7C3402D9F82B}.Debug|Any CPU.Build.0 = Debug|Any CPU
		{AA372323-3F3E-4860-AC57-7C3402D9F82B}.Release|Any CPU.ActiveCfg = Release|Any CPU
		{AA372323-3F3E-4860-AC57-7C3402D9F82B}.Release|Any CPU.Build.0 = Release|Any CPU
	EndGlobalSection
	GlobalSection(SolutionProperties) = preSolution
		HideSolutionNode = FALSE
	EndGlobalSection
	GlobalSection(ExtensibilityGlobals) = postSolution
		SolutionGuid = {0F23A2D3-1280-4D0E-A00E-974846F925B1}
	EndGlobalSection
EndGlobal
